Microsoft Visual Studio Solution File, Format Version 12.00
# Visual Studio 2012
Project("{FAE04EC0-301F-11D3-BF4B-00C04F79EFBC}") = "drone", "drone.csproj", "{B2C1CCF1-0499-44C2-AD54-004E22CB4C71}"
EndProject
Global
	GlobalSection(SolutionConfigurationPlatforms) = preSolution
	Debug|Any CPU = Debug|Any CPU
	ExportDebug|Any CPU = ExportDebug|Any CPU
	ExportRelease|Any CPU = ExportRelease|Any CPU
	EndGlobalSection
	GlobalSection(ProjectConfigurationPlatforms) = postSolution
		{B2C1CCF1-0499-44C2-AD54-004E22CB4C71}.Debug|Any CPU.ActiveCfg = Debug|Any CPU
		{B2C1CCF1-0499-44C2-AD54-004E22CB4C71}.Debug|Any CPU.Build.0 = Debug|Any CPU
		{B2C1CCF1-0499-44C2-AD54-004E22CB4C71}.ExportDebug|Any CPU.ActiveCfg = ExportDebug|Any CPU
		{B2C1CCF1-0499-44C2-AD54-004E22CB4C71}.ExportDebug|Any CPU.Build.0 = ExportDebug|Any CPU
		{B2C1CCF1-0499-44C2-AD54-004E22CB4C71}.ExportRelease|Any CPU.ActiveCfg = ExportRelease|Any CPU
		{B2C1CCF1-0499-44C2-AD54-004E22CB4C71}.ExportRelease|Any CPU.Build.0 = ExportRelease|Any CPU
	EndGlobalSection
EndGlobal
